// !$*UTF8*$!
{
	archiveVersion = 1;
	classes = {
	};
	objectVersion = 51;
	objects = {

/* Begin PBXBuildFile section */
		1DAC11F7232D2E6400F109E1 /* AppDelegate.swift in Sources */ = {isa = PBXBuildFile; fileRef = 1DAC11F6232D2E6400F109E1 /* AppDelegate.swift */; };
		1DAC11F9232D2E6400F109E1 /* ViewController.swift in Sources */ = {isa = PBXBuildFile; fileRef = 1DAC11F8232D2E6400F109E1 /* ViewController.swift */; };
		1DAC11FC232D2E6400F109E1 /* Main.storyboard in Resources */ = {isa = PBXBuildFile; fileRef = 1DAC11FA232D2E6400F109E1 /* Main.storyboard */; };
		1DAC1201232D2E6400F109E1 /* Assets.xcassets in Resources */ = {isa = PBXBuildFile; fileRef = 1DAC1200232D2E6400F109E1 /* Assets.xcassets */; };
		1DAC1204232D2E6400F109E1 /* LaunchScreen.storyboard in Resources */ = {isa = PBXBuildFile; fileRef = 1DAC1202232D2E6400F109E1 /* LaunchScreen.storyboard */; };
		1DAC120F232D2E6400F109E1 /* TopJavaRepositoriesTests.swift in Sources */ = {isa = PBXBuildFile; fileRef = 1DAC120E232D2E6400F109E1 /* TopJavaRepositoriesTests.swift */; };
		1DAC121C232D317900F109E1 /* R.generated.swift in Sources */ = {isa = PBXBuildFile; fileRef = 1DAC121B232D317900F109E1 /* R.generated.swift */; };
		1DDDF6E6232D2F5100844D17 /* ReusableCells.swift in Sources */ = {isa = PBXBuildFile; fileRef = 1DDDF6D4232D2F5100844D17 /* ReusableCells.swift */; };
		1DDDF6E8232D2F5100844D17 /* CommonTypes.swift in Sources */ = {isa = PBXBuildFile; fileRef = 1DDDF6D6232D2F5100844D17 /* CommonTypes.swift */; };
		1DDDF6E9232D2F5100844D17 /* Constraints.swift in Sources */ = {isa = PBXBuildFile; fileRef = 1DDDF6D8232D2F5100844D17 /* Constraints.swift */; };
		1DDDF6EA232D2F5100844D17 /* TopRatedJavaRepositories.strings in Resources */ = {isa = PBXBuildFile; fileRef = 1DDDF6D9232D2F5100844D17 /* TopRatedJavaRepositories.strings */; };
		1DDDF6EB232D2F5100844D17 /* Font.swift in Sources */ = {isa = PBXBuildFile; fileRef = 1DDDF6DA232D2F5100844D17 /* Font.swift */; };
		1DDDF6EC232D2F5100844D17 /* Colors.swift in Sources */ = {isa = PBXBuildFile; fileRef = 1DDDF6DB232D2F5100844D17 /* Colors.swift */; };
		1DDDF6ED232D2F5100844D17 /* NetworkProvider.swift in Sources */ = {isa = PBXBuildFile; fileRef = 1DDDF6DD232D2F5100844D17 /* NetworkProvider.swift */; };
		1DDDF6EE232D2F5100844D17 /* ServiceError.swift in Sources */ = {isa = PBXBuildFile; fileRef = 1DDDF6DE232D2F5100844D17 /* ServiceError.swift */; };
		1DDDF6EF232D2F5100844D17 /* URLRequestProtocol.swift in Sources */ = {isa = PBXBuildFile; fileRef = 1DDDF6DF232D2F5100844D17 /* URLRequestProtocol.swift */; };
		1DDDF6F0232D2F5100844D17 /* Repositories.swift in Sources */ = {isa = PBXBuildFile; fileRef = 1DDDF6E1232D2F5100844D17 /* Repositories.swift */; };
		1DDDF6F1232D2F5100844D17 /* Repository.swift in Sources */ = {isa = PBXBuildFile; fileRef = 1DDDF6E2232D2F5100844D17 /* Repository.swift */; };
		1DDDF6F2232D2F5100844D17 /* Owner.swift in Sources */ = {isa = PBXBuildFile; fileRef = 1DDDF6E3232D2F5100844D17 /* Owner.swift */; };
		1DDDF6F3232D2F5100844D17 /* ViewControllerBaseProtocol.swift in Sources */ = {isa = PBXBuildFile; fileRef = 1DDDF6E5232D2F5100844D17 /* ViewControllerBaseProtocol.swift */; };
		1DDDF6F6232D2F7C00844D17 /* ENV.swift in Sources */ = {isa = PBXBuildFile; fileRef = 1DDDF6F5232D2F7C00844D17 /* ENV.swift */; };
		5054116E4EF6C57B62FFF273 /* Pods_TopJavaRepositories.framework in Frameworks */ = {isa = PBXBuildFile; fileRef = 1E981E644A09F4BF9672AA02 /* Pods_TopJavaRepositories.framework */; };
		8861BFC264BE1F60A2F63B8A /* Pods_TopJavaRepositoriesTests.framework in Frameworks */ = {isa = PBXBuildFile; fileRef = B1BE3727307749730E79FEF2 /* Pods_TopJavaRepositoriesTests.framework */; };
/* End PBXBuildFile section */

/* Begin PBXContainerItemProxy section */
		1DAC120B232D2E6400F109E1 /* PBXContainerItemProxy */ = {
			isa = PBXContainerItemProxy;
			containerPortal = 1DAC11EB232D2E6300F109E1 /* Project object */;
			proxyType = 1;
			remoteGlobalIDString = 1DAC11F2232D2E6300F109E1;
			remoteInfo = TopJavaRepositories;
		};
/* End PBXContainerItemProxy section */

/* Begin PBXFileReference section */
		1DAC11F3232D2E6400F109E1 /* TopJavaRepositories.app */ = {isa = PBXFileReference; explicitFileType = wrapper.application; includeInIndex = 0; path = TopJavaRepositories.app; sourceTree = BUILT_PRODUCTS_DIR; };
		1DAC11F6232D2E6400F109E1 /* AppDelegate.swift */ = {isa = PBXFileReference; lastKnownFileType = sourcecode.swift; path = AppDelegate.swift; sourceTree = "<group>"; };
		1DAC11F8232D2E6400F109E1 /* ViewController.swift */ = {isa = PBXFileReference; lastKnownFileType = sourcecode.swift; path = ViewController.swift; sourceTree = "<group>"; };
		1DAC11FB232D2E6400F109E1 /* Base */ = {isa = PBXFileReference; lastKnownFileType = file.storyboard; name = Base; path = Base.lproj/Main.storyboard; sourceTree = "<group>"; };
		1DAC1200232D2E6400F109E1 /* Assets.xcassets */ = {isa = PBXFileReference; lastKnownFileType = folder.assetcatalog; path = Assets.xcassets; sourceTree = "<group>"; };
		1DAC1203232D2E6400F109E1 /* Base */ = {isa = PBXFileReference; lastKnownFileType = file.storyboard; name = Base; path = Base.lproj/LaunchScreen.storyboard; sourceTree = "<group>"; };
		1DAC1205232D2E6400F109E1 /* Info.plist */ = {isa = PBXFileReference; lastKnownFileType = text.plist.xml; path = Info.plist; sourceTree = "<group>"; };
		1DAC120A232D2E6400F109E1 /* TopJavaRepositoriesTests.xctest */ = {isa = PBXFileReference; explicitFileType = wrapper.cfbundle; includeInIndex = 0; path = TopJavaRepositoriesTests.xctest; sourceTree = BUILT_PRODUCTS_DIR; };
		1DAC120E232D2E6400F109E1 /* TopJavaRepositoriesTests.swift */ = {isa = PBXFileReference; lastKnownFileType = sourcecode.swift; path = TopJavaRepositoriesTests.swift; sourceTree = "<group>"; };
		1DAC1210232D2E6400F109E1 /* Info.plist */ = {isa = PBXFileReference; lastKnownFileType = text.plist.xml; path = Info.plist; sourceTree = "<group>"; };
		1DAC121B232D317900F109E1 /* R.generated.swift */ = {isa = PBXFileReference; fileEncoding = 4; lastKnownFileType = sourcecode.swift; path = R.generated.swift; sourceTree = "<group>"; };
		1DDDF6D4232D2F5100844D17 /* ReusableCells.swift */ = {isa = PBXFileReference; fileEncoding = 4; lastKnownFileType = sourcecode.swift; path = ReusableCells.swift; sourceTree = "<group>"; };
		1DDDF6D6232D2F5100844D17 /* CommonTypes.swift */ = {isa = PBXFileReference; fileEncoding = 4; lastKnownFileType = sourcecode.swift; path = CommonTypes.swift; sourceTree = "<group>"; };
		1DDDF6D8232D2F5100844D17 /* Constraints.swift */ = {isa = PBXFileReference; fileEncoding = 4; lastKnownFileType = sourcecode.swift; path = Constraints.swift; sourceTree = "<group>"; };
		1DDDF6D9232D2F5100844D17 /* TopRatedJavaRepositories.strings */ = {isa = PBXFileReference; fileEncoding = 4; lastKnownFileType = text.plist.strings; path = TopRatedJavaRepositories.strings; sourceTree = "<group>"; };
		1DDDF6DA232D2F5100844D17 /* Font.swift */ = {isa = PBXFileReference; fileEncoding = 4; lastKnownFileType = sourcecode.swift; path = Font.swift; sourceTree = "<group>"; };
		1DDDF6DB232D2F5100844D17 /* Colors.swift */ = {isa = PBXFileReference; fileEncoding = 4; lastKnownFileType = sourcecode.swift; path = Colors.swift; sourceTree = "<group>"; };
		1DDDF6DD232D2F5100844D17 /* NetworkProvider.swift */ = {isa = PBXFileReference; fileEncoding = 4; lastKnownFileType = sourcecode.swift; path = NetworkProvider.swift; sourceTree = "<group>"; };
		1DDDF6DE232D2F5100844D17 /* ServiceError.swift */ = {isa = PBXFileReference; fileEncoding = 4; lastKnownFileType = sourcecode.swift; path = ServiceError.swift; sourceTree = "<group>"; };
		1DDDF6DF232D2F5100844D17 /* URLRequestProtocol.swift */ = {isa = PBXFileReference; fileEncoding = 4; lastKnownFileType = sourcecode.swift; path = URLRequestProtocol.swift; sourceTree = "<group>"; };
		1DDDF6E1232D2F5100844D17 /* Repositories.swift */ = {isa = PBXFileReference; fileEncoding = 4; lastKnownFileType = sourcecode.swift; path = Repositories.swift; sourceTree = "<group>"; };
		1DDDF6E2232D2F5100844D17 /* Repository.swift */ = {isa = PBXFileReference; fileEncoding = 4; lastKnownFileType = sourcecode.swift; path = Repository.swift; sourceTree = "<group>"; };
		1DDDF6E3232D2F5100844D17 /* Owner.swift */ = {isa = PBXFileReference; fileEncoding = 4; lastKnownFileType = sourcecode.swift; path = Owner.swift; sourceTree = "<group>"; };
		1DDDF6E5232D2F5100844D17 /* ViewControllerBaseProtocol.swift */ = {isa = PBXFileReference; fileEncoding = 4; lastKnownFileType = sourcecode.swift; path = ViewControllerBaseProtocol.swift; sourceTree = "<group>"; };
		1DDDF6F5232D2F7C00844D17 /* ENV.swift */ = {isa = PBXFileReference; fileEncoding = 4; lastKnownFileType = sourcecode.swift; path = ENV.swift; sourceTree = "<group>"; };
		1E981E644A09F4BF9672AA02 /* Pods_TopJavaRepositories.framework */ = {isa = PBXFileReference; explicitFileType = wrapper.framework; includeInIndex = 0; path = Pods_TopJavaRepositories.framework; sourceTree = BUILT_PRODUCTS_DIR; };
		363B62861D91B834E441ABC2 /* Pods-TopJavaRepositoriesTests.release.xcconfig */ = {isa = PBXFileReference; includeInIndex = 1; lastKnownFileType = text.xcconfig; name = "Pods-TopJavaRepositoriesTests.release.xcconfig"; path = "Target Support Files/Pods-TopJavaRepositoriesTests/Pods-TopJavaRepositoriesTests.release.xcconfig"; sourceTree = "<group>"; };
		ABFCB2EFFAA0BCA3516F0F72 /* Pods-TopJavaRepositoriesTests.debug.xcconfig */ = {isa = PBXFileReference; includeInIndex = 1; lastKnownFileType = text.xcconfig; name = "Pods-TopJavaRepositoriesTests.debug.xcconfig"; path = "Target Support Files/Pods-TopJavaRepositoriesTests/Pods-TopJavaRepositoriesTests.debug.xcconfig"; sourceTree = "<group>"; };
		B1BE3727307749730E79FEF2 /* Pods_TopJavaRepositoriesTests.framework */ = {isa = PBXFileReference; explicitFileType = wrapper.framework; includeInIndex = 0; path = Pods_TopJavaRepositoriesTests.framework; sourceTree = BUILT_PRODUCTS_DIR; };
		C1D96041701AE4610610F11F /* Pods-TopJavaRepositories.release.xcconfig */ = {isa = PBXFileReference; includeInIndex = 1; lastKnownFileType = text.xcconfig; name = "Pods-TopJavaRepositories.release.xcconfig"; path = "Target Support Files/Pods-TopJavaRepositories/Pods-TopJavaRepositories.release.xcconfig"; sourceTree = "<group>"; };
		D90C16CF8A988ECF05CB429A /* Pods-TopJavaRepositories.debug.xcconfig */ = {isa = PBXFileReference; includeInIndex = 1; lastKnownFileType = text.xcconfig; name = "Pods-TopJavaRepositories.debug.xcconfig"; path = "Target Support Files/Pods-TopJavaRepositories/Pods-TopJavaRepositories.debug.xcconfig"; sourceTree = "<group>"; };
/* End PBXFileReference section */

/* Begin PBXFrameworksBuildPhase section */
		1DAC11F0232D2E6300F109E1 /* Frameworks */ = {
			isa = PBXFrameworksBuildPhase;
			buildActionMask = 2147483647;
			files = (
				5054116E4EF6C57B62FFF273 /* Pods_TopJavaRepositories.framework in Frameworks */,
			);
			runOnlyForDeploymentPostprocessing = 0;
		};
		1DAC1207232D2E6400F109E1 /* Frameworks */ = {
			isa = PBXFrameworksBuildPhase;
			buildActionMask = 2147483647;
			files = (
				8861BFC264BE1F60A2F63B8A /* Pods_TopJavaRepositoriesTests.framework in Frameworks */,
			);
			runOnlyForDeploymentPostprocessing = 0;
		};
/* End PBXFrameworksBuildPhase section */

/* Begin PBXGroup section */
		1DAC11EA232D2E6300F109E1 = {
			isa = PBXGroup;
			children = (
				1DAC11F5232D2E6400F109E1 /* TopJavaRepositories */,
				1DAC120D232D2E6400F109E1 /* TopJavaRepositoriesTests */,
				1DAC11F4232D2E6400F109E1 /* Products */,
				EF0228BA25A899CB7543902E /* Pods */,
				5981141B4B3C24BD6B02D52B /* Frameworks */,
			);
			sourceTree = "<group>";
		};
		1DAC11F4232D2E6400F109E1 /* Products */ = {
			isa = PBXGroup;
			children = (
				1DAC11F3232D2E6400F109E1 /* TopJavaRepositories.app */,
				1DAC120A232D2E6400F109E1 /* TopJavaRepositoriesTests.xctest */,
			);
			name = Products;
			sourceTree = "<group>";
		};
		1DAC11F5232D2E6400F109E1 /* TopJavaRepositories */ = {
			isa = PBXGroup;
			children = (
				1DDDF6D2232D2F5100844D17 /* Common */,
				1DDDF6F9232D2FA700844D17 /* Modules */,
				1DDDF6F4232D2F6B00844D17 /* Supporting Files */,
				1DAC11F8232D2E6400F109E1 /* ViewController.swift */,
				1DAC11FA232D2E6400F109E1 /* Main.storyboard */,
			);
			path = TopJavaRepositories;
			sourceTree = "<group>";
		};
		1DAC120D232D2E6400F109E1 /* TopJavaRepositoriesTests */ = {
			isa = PBXGroup;
			children = (
				1DAC120E232D2E6400F109E1 /* TopJavaRepositoriesTests.swift */,
				1DAC1210232D2E6400F109E1 /* Info.plist */,
			);
			path = TopJavaRepositoriesTests;
			sourceTree = "<group>";
		};
		1DDDF6D2232D2F5100844D17 /* Common */ = {
			isa = PBXGroup;
			children = (
				1DDDF6D3232D2F5100844D17 /* Configuration */,
				1DDDF6D7232D2F5100844D17 /* Resources */,
				1DDDF6DC232D2F5100844D17 /* Network */,
				1DDDF6E0232D2F5100844D17 /* Models */,
				1DDDF6E4232D2F5100844D17 /* Protocols */,
			);
			path = Common;
			sourceTree = "<group>";
		};
		1DDDF6D3232D2F5100844D17 /* Configuration */ = {
			isa = PBXGroup;
			children = (
				1DDDF6D4232D2F5100844D17 /* ReusableCells.swift */,
				1DDDF6D6232D2F5100844D17 /* CommonTypes.swift */,
			);
			path = Configuration;
			sourceTree = "<group>";
		};
		1DDDF6D7232D2F5100844D17 /* Resources */ = {
			isa = PBXGroup;
			children = (
				1DDDF6D8232D2F5100844D17 /* Constraints.swift */,
				1DDDF6D9232D2F5100844D17 /* TopRatedJavaRepositories.strings */,
				1DDDF6DA232D2F5100844D17 /* Font.swift */,
				1DDDF6DB232D2F5100844D17 /* Colors.swift */,
			);
			path = Resources;
			sourceTree = "<group>";
		};
		1DDDF6DC232D2F5100844D17 /* Network */ = {
			isa = PBXGroup;
			children = (
				1DDDF6DD232D2F5100844D17 /* NetworkProvider.swift */,
				1DDDF6DE232D2F5100844D17 /* ServiceError.swift */,
				1DDDF6DF232D2F5100844D17 /* URLRequestProtocol.swift */,
			);
			path = Network;
			sourceTree = "<group>";
		};
		1DDDF6E0232D2F5100844D17 /* Models */ = {
			isa = PBXGroup;
			children = (
				1DDDF6E1232D2F5100844D17 /* Repositories.swift */,
				1DDDF6E2232D2F5100844D17 /* Repository.swift */,
				1DDDF6E3232D2F5100844D17 /* Owner.swift */,
			);
			path = Models;
			sourceTree = "<group>";
		};
		1DDDF6E4232D2F5100844D17 /* Protocols */ = {
			isa = PBXGroup;
			children = (
				1DDDF6E5232D2F5100844D17 /* ViewControllerBaseProtocol.swift */,
			);
			path = Protocols;
			sourceTree = "<group>";
		};
		1DDDF6F4232D2F6B00844D17 /* Supporting Files */ = {
			isa = PBXGroup;
			children = (
				1DAC121B232D317900F109E1 /* R.generated.swift */,
				1DAC1205232D2E6400F109E1 /* Info.plist */,
				1DAC1202232D2E6400F109E1 /* LaunchScreen.storyboard */,
				1DAC1200232D2E6400F109E1 /* Assets.xcassets */,
				1DAC11F6232D2E6400F109E1 /* AppDelegate.swift */,
				1DDDF6F5232D2F7C00844D17 /* ENV.swift */,
			);
			path = "Supporting Files";
			sourceTree = "<group>";
		};
		1DDDF6F9232D2FA700844D17 /* Modules */ = {
			isa = PBXGroup;
			children = (
			);
			path = Modules;
			sourceTree = "<group>";
		};
		5981141B4B3C24BD6B02D52B /* Frameworks */ = {
			isa = PBXGroup;
			children = (
				1E981E644A09F4BF9672AA02 /* Pods_TopJavaRepositories.framework */,
				B1BE3727307749730E79FEF2 /* Pods_TopJavaRepositoriesTests.framework */,
			);
			name = Frameworks;
			sourceTree = "<group>";
		};
		EF0228BA25A899CB7543902E /* Pods */ = {
			isa = PBXGroup;
			children = (
				D90C16CF8A988ECF05CB429A /* Pods-TopJavaRepositories.debug.xcconfig */,
				C1D96041701AE4610610F11F /* Pods-TopJavaRepositories.release.xcconfig */,
				ABFCB2EFFAA0BCA3516F0F72 /* Pods-TopJavaRepositoriesTests.debug.xcconfig */,
				363B62861D91B834E441ABC2 /* Pods-TopJavaRepositoriesTests.release.xcconfig */,
			);
			path = Pods;
			sourceTree = "<group>";
		};
/* End PBXGroup section */

/* Begin PBXNativeTarget section */
		1DAC11F2232D2E6300F109E1 /* TopJavaRepositories */ = {
			isa = PBXNativeTarget;
			buildConfigurationList = 1DAC1213232D2E6400F109E1 /* Build configuration list for PBXNativeTarget "TopJavaRepositories" */;
			buildPhases = (
				6849F695B89288AE7F7AD650 /* [CP] Check Pods Manifest.lock */,
				1DAC121A232D312100F109E1 /* R Swift */,
				1DAC11EF232D2E6300F109E1 /* Sources */,
				1DAC11F0232D2E6300F109E1 /* Frameworks */,
				1DAC11F1232D2E6300F109E1 /* Resources */,
				E4F1295C7BB1EFF3E79E07D9 /* [CP] Embed Pods Frameworks */,
			);
			buildRules = (
			);
			dependencies = (
			);
			name = TopJavaRepositories;
			productName = TopJavaRepositories;
			productReference = 1DAC11F3232D2E6400F109E1 /* TopJavaRepositories.app */;
			productType = "com.apple.product-type.application";
		};
		1DAC1209232D2E6400F109E1 /* TopJavaRepositoriesTests */ = {
			isa = PBXNativeTarget;
			buildConfigurationList = 1DAC1216232D2E6400F109E1 /* Build configuration list for PBXNativeTarget "TopJavaRepositoriesTests" */;
			buildPhases = (
				9CD4864F9475AB46ADFA07AA /* [CP] Check Pods Manifest.lock */,
				1DDDF6FA232D301B00844D17 /* R Swift */,
				1DAC1206232D2E6400F109E1 /* Sources */,
				1DAC1207232D2E6400F109E1 /* Frameworks */,
				1DAC1208232D2E6400F109E1 /* Resources */,
				1017CC2202CF04127A9FB31C /* [CP] Embed Pods Frameworks */,
			);
			buildRules = (
			);
			dependencies = (
				1DAC120C232D2E6400F109E1 /* PBXTargetDependency */,
			);
			name = TopJavaRepositoriesTests;
			productName = TopJavaRepositoriesTests;
			productReference = 1DAC120A232D2E6400F109E1 /* TopJavaRepositoriesTests.xctest */;
			productType = "com.apple.product-type.bundle.unit-test";
		};
/* End PBXNativeTarget section */

/* Begin PBXProject section */
		1DAC11EB232D2E6300F109E1 /* Project object */ = {
			isa = PBXProject;
			attributes = {
				LastSwiftUpdateCheck = 1030;
				LastUpgradeCheck = 1030;
				ORGANIZATIONNAME = MSC;
				TargetAttributes = {
					1DAC11F2232D2E6300F109E1 = {
						CreatedOnToolsVersion = 10.3;
					};
					1DAC1209232D2E6400F109E1 = {
						CreatedOnToolsVersion = 10.3;
						TestTargetID = 1DAC11F2232D2E6300F109E1;
					};
				};
			};
			buildConfigurationList = 1DAC11EE232D2E6300F109E1 /* Build configuration list for PBXProject "TopJavaRepositories" */;
			compatibilityVersion = "Xcode 9.3";
			developmentRegion = en;
			hasScannedForEncodings = 0;
			knownRegions = (
				en,
				Base,
			);
			mainGroup = 1DAC11EA232D2E6300F109E1;
			productRefGroup = 1DAC11F4232D2E6400F109E1 /* Products */;
			projectDirPath = "";
			projectRoot = "";
			targets = (
				1DAC11F2232D2E6300F109E1 /* TopJavaRepositories */,
				1DAC1209232D2E6400F109E1 /* TopJavaRepositoriesTests */,
			);
		};
/* End PBXProject section */

/* Begin PBXResourcesBuildPhase section */
		1DAC11F1232D2E6300F109E1 /* Resources */ = {
			isa = PBXResourcesBuildPhase;
			buildActionMask = 2147483647;
			files = (
				1DAC1204232D2E6400F109E1 /* LaunchScreen.storyboard in Resources */,
				1DAC1201232D2E6400F109E1 /* Assets.xcassets in Resources */,
				1DAC11FC232D2E6400F109E1 /* Main.storyboard in Resources */,
				1DDDF6EA232D2F5100844D17 /* TopRatedJavaRepositories.strings in Resources */,
			);
			runOnlyForDeploymentPostprocessing = 0;
		};
		1DAC1208232D2E6400F109E1 /* Resources */ = {
			isa = PBXResourcesBuildPhase;
			buildActionMask = 2147483647;
			files = (
			);
			runOnlyForDeploymentPostprocessing = 0;
		};
/* End PBXResourcesBuildPhase section */

/* Begin PBXShellScriptBuildPhase section */
		1017CC2202CF04127A9FB31C /* [CP] Embed Pods Frameworks */ = {
			isa = PBXShellScriptBuildPhase;
			buildActionMask = 2147483647;
			files = (
			);
			inputFileListPaths = (
				"${PODS_ROOT}/Target Support Files/Pods-TopJavaRepositoriesTests/Pods-TopJavaRepositoriesTests-frameworks-${CONFIGURATION}-input-files.xcfilelist",
			);
			name = "[CP] Embed Pods Frameworks";
			outputFileListPaths = (
				"${PODS_ROOT}/Target Support Files/Pods-TopJavaRepositoriesTests/Pods-TopJavaRepositoriesTests-frameworks-${CONFIGURATION}-output-files.xcfilelist",
			);
			runOnlyForDeploymentPostprocessing = 0;
			shellPath = /bin/sh;
			shellScript = "\"${PODS_ROOT}/Target Support Files/Pods-TopJavaRepositoriesTests/Pods-TopJavaRepositoriesTests-frameworks.sh\"\n";
			showEnvVarsInLog = 0;
		};
		1DAC121A232D312100F109E1 /* R Swift */ = {
			isa = PBXShellScriptBuildPhase;
			buildActionMask = 2147483647;
			files = (
			);
			inputFileListPaths = (
			);
			inputPaths = (
				"$TEMP_DIR/rswift-lastrun",
			);
			name = "R Swift";
			outputFileListPaths = (
			);
			outputPaths = (
				"$(SRCROOT)/TopJavaRepositories/Supporting Files/R.generated.swift",
			);
			runOnlyForDeploymentPostprocessing = 0;
			shellPath = /bin/sh;
			shellScript = "\"$PODS_ROOT/R.swift/rswift\" generate \"$SRCROOT/TopJavaRepositories/Supporting Files/R.generated.swift\"\n";
		};
		1DDDF6FA232D301B00844D17 /* R Swift */ = {
			isa = PBXShellScriptBuildPhase;
			buildActionMask = 2147483647;
			files = (
			);
			inputFileListPaths = (
			);
			inputPaths = (
				"$TEMP_DIR/rswift-lastrun",
			);
			name = "R Swift";
			outputFileListPaths = (
			);
			outputPaths = (
				"$SRCROOT/TopRatedJavaRepositories/Supporting Files/R.generated.swift",
			);
			runOnlyForDeploymentPostprocessing = 0;
			shellPath = /bin/sh;
			shellScript = "\"$PODS_ROOT/R.swift/rswift\" generate \"$SRCROOT/TopRatedJavaRepositories/Supporting Files/R.generated.swift\"\n";
		};
		6849F695B89288AE7F7AD650 /* [CP] Check Pods Manifest.lock */ = {
			isa = PBXShellScriptBuildPhase;
			buildActionMask = 2147483647;
			files = (
			);
			inputFileListPaths = (
			);
			inputPaths = (
				"${PODS_PODFILE_DIR_PATH}/Podfile.lock",
				"${PODS_ROOT}/Manifest.lock",
			);
			name = "[CP] Check Pods Manifest.lock";
			outputFileListPaths = (
			);
			outputPaths = (
				"$(DERIVED_FILE_DIR)/Pods-TopJavaRepositories-checkManifestLockResult.txt",
			);
			runOnlyForDeploymentPostprocessing = 0;
			shellPath = /bin/sh;
			shellScript = "diff \"${PODS_PODFILE_DIR_PATH}/Podfile.lock\" \"${PODS_ROOT}/Manifest.lock\" > /dev/null\nif [ $? != 0 ] ; then\n    # print error to STDERR\n    echo \"error: The sandbox is not in sync with the Podfile.lock. Run 'pod install' or update your CocoaPods installation.\" >&2\n    exit 1\nfi\n# This output is used by Xcode 'outputs' to avoid re-running this script phase.\necho \"SUCCESS\" > \"${SCRIPT_OUTPUT_FILE_0}\"\n";
			showEnvVarsInLog = 0;
		};
		9CD4864F9475AB46ADFA07AA /* [CP] Check Pods Manifest.lock */ = {
			isa = PBXShellScriptBuildPhase;
			buildActionMask = 2147483647;
			files = (
			);
			inputFileListPaths = (
			);
			inputPaths = (
				"${PODS_PODFILE_DIR_PATH}/Podfile.lock",
				"${PODS_ROOT}/Manifest.lock",
			);
			name = "[CP] Check Pods Manifest.lock";
			outputFileListPaths = (
			);
			outputPaths = (
				"$(DERIVED_FILE_DIR)/Pods-TopJavaRepositoriesTests-checkManifestLockResult.txt",
			);
			runOnlyForDeploymentPostprocessing = 0;
			shellPath = /bin/sh;
			shellScript = "diff \"${PODS_PODFILE_DIR_PATH}/Podfile.lock\" \"${PODS_ROOT}/Manifest.lock\" > /dev/null\nif [ $? != 0 ] ; then\n    # print error to STDERR\n    echo \"error: The sandbox is not in sync with the Podfile.lock. Run 'pod install' or update your CocoaPods installation.\" >&2\n    exit 1\nfi\n# This output is used by Xcode 'outputs' to avoid re-running this script phase.\necho \"SUCCESS\" > \"${SCRIPT_OUTPUT_FILE_0}\"\n";
			showEnvVarsInLog = 0;
		};
		E4F1295C7BB1EFF3E79E07D9 /* [CP] Embed Pods Frameworks */ = {
			isa = PBXShellScriptBuildPhase;
			buildActionMask = 2147483647;
			files = (
			);
			inputFileListPaths = (
				"${PODS_ROOT}/Target Support Files/Pods-TopJavaRepositories/Pods-TopJavaRepositories-frameworks-${CONFIGURATION}-input-files.xcfilelist",
			);
			name = "[CP] Embed Pods Frameworks";
			outputFileListPaths = (
				"${PODS_ROOT}/Target Support Files/Pods-TopJavaRepositories/Pods-TopJavaRepositories-frameworks-${CONFIGURATION}-output-files.xcfilelist",
			);
			runOnlyForDeploymentPostprocessing = 0;
			shellPath = /bin/sh;
			shellScript = "\"${PODS_ROOT}/Target Support Files/Pods-TopJavaRepositories/Pods-TopJavaRepositories-frameworks.sh\"\n";
			showEnvVarsInLog = 0;
		};
/* End PBXShellScriptBuildPhase section */

/* Begin PBXSourcesBuildPhase section */
		1DAC11EF232D2E6300F109E1 /* Sources */ = {
			isa = PBXSourcesBuildPhase;
			buildActionMask = 2147483647;
			files = (
				1DDDF6E6232D2F5100844D17 /* ReusableCells.swift in Sources */,
				1DDDF6EC232D2F5100844D17 /* Colors.swift in Sources */,
				1DDDF6E9232D2F5100844D17 /* Constraints.swift in Sources */,
				1DDDF6E8232D2F5100844D17 /* CommonTypes.swift in Sources */,
				1DDDF6EF232D2F5100844D17 /* URLRequestProtocol.swift in Sources */,
				1DDDF6EB232D2F5100844D17 /* Font.swift in Sources */,
				1DDDF6F1232D2F5100844D17 /* Repository.swift in Sources */,
				1DAC11F9232D2E6400F109E1 /* ViewController.swift in Sources */,
				1DDDF6EE232D2F5100844D17 /* ServiceError.swift in Sources */,
				1DDDF6F0232D2F5100844D17 /* Repositories.swift in Sources */,
				1DDDF6F6232D2F7C00844D17 /* ENV.swift in Sources */,
				1DAC121C232D317900F109E1 /* R.generated.swift in Sources */,
				1DAC11F7232D2E6400F109E1 /* AppDelegate.swift in Sources */,
				1DDDF6F2232D2F5100844D17 /* Owner.swift in Sources */,
				1DDDF6F3232D2F5100844D17 /* ViewControllerBaseProtocol.swift in Sources */,
				1DDDF6ED232D2F5100844D17 /* NetworkProvider.swift in Sources */,
			);
			runOnlyForDeploymentPostprocessing = 0;
		};
		1DAC1206232D2E6400F109E1 /* Sources */ = {
			isa = PBXSourcesBuildPhase;
			buildActionMask = 2147483647;
			files = (
				1DAC120F232D2E6400F109E1 /* TopJavaRepositoriesTests.swift in Sources */,
			);
			runOnlyForDeploymentPostprocessing = 0;
		};
/* End PBXSourcesBuildPhase section */

/* Begin PBXTargetDependency section */
		1DAC120C232D2E6400F109E1 /* PBXTargetDependency */ = {
			isa = PBXTargetDependency;
			target = 1DAC11F2232D2E6300F109E1 /* TopJavaRepositories */;
			targetProxy = 1DAC120B232D2E6400F109E1 /* PBXContainerItemProxy */;
		};
/* End PBXTargetDependency section */

/* Begin PBXVariantGroup section */
		1DAC11FA232D2E6400F109E1 /* Main.storyboard */ = {
			isa = PBXVariantGroup;
			children = (
				1DAC11FB232D2E6400F109E1 /* Base */,
			);
			name = Main.storyboard;
			sourceTree = "<group>";
		};
		1DAC1202232D2E6400F109E1 /* LaunchScreen.storyboard */ = {
			isa = PBXVariantGroup;
			children = (
				1DAC1203232D2E6400F109E1 /* Base */,
			);
			name = LaunchScreen.storyboard;
			sourceTree = "<group>";
		};
/* End PBXVariantGroup section */

/* Begin XCBuildConfiguration section */
		1DAC1211232D2E6400F109E1 /* Debug */ = {
			isa = XCBuildConfiguration;
			buildSettings = {
				ALWAYS_SEARCH_USER_PATHS = NO;
				CLANG_ANALYZER_NONNULL = YES;
				CLANG_ANALYZER_NUMBER_OBJECT_CONVERSION = YES_AGGRESSIVE;
				CLANG_CXX_LANGUAGE_STANDARD = "gnu++14";
				CLANG_CXX_LIBRARY = "libc++";
				CLANG_ENABLE_MODULES = YES;
				CLANG_ENABLE_OBJC_ARC = YES;
				CLANG_ENABLE_OBJC_WEAK = YES;
				CLANG_WARN_BLOCK_CAPTURE_AUTORELEASING = YES;
				CLANG_WARN_BOOL_CONVERSION = YES;
				CLANG_WARN_COMMA = YES;
				CLANG_WARN_CONSTANT_CONVERSION = YES;
				CLANG_WARN_DEPRECATED_OBJC_IMPLEMENTATIONS = YES;
				CLANG_WARN_DIRECT_OBJC_ISA_USAGE = YES_ERROR;
				CLANG_WARN_DOCUMENTATION_COMMENTS = YES;
				CLANG_WARN_EMPTY_BODY = YES;
				CLANG_WARN_ENUM_CONVERSION = YES;
				CLANG_WARN_INFINITE_RECURSION = YES;
				CLANG_WARN_INT_CONVERSION = YES;
				CLANG_WARN_NON_LITERAL_NULL_CONVERSION = YES;
				CLANG_WARN_OBJC_IMPLICIT_RETAIN_SELF = YES;
				CLANG_WARN_OBJC_LITERAL_CONVERSION = YES;
				CLANG_WARN_OBJC_ROOT_CLASS = YES_ERROR;
				CLANG_WARN_RANGE_LOOP_ANALYSIS = YES;
				CLANG_WARN_STRICT_PROTOTYPES = YES;
				CLANG_WARN_SUSPICIOUS_MOVE = YES;
				CLANG_WARN_UNGUARDED_AVAILABILITY = YES_AGGRESSIVE;
				CLANG_WARN_UNREACHABLE_CODE = YES;
				CLANG_WARN__DUPLICATE_METHOD_MATCH = YES;
				CODE_SIGN_IDENTITY = "iPhone Developer";
				COPY_PHASE_STRIP = NO;
				DEBUG_INFORMATION_FORMAT = dwarf;
				ENABLE_STRICT_OBJC_MSGSEND = YES;
				ENABLE_TESTABILITY = YES;
				GCC_C_LANGUAGE_STANDARD = gnu11;
				GCC_DYNAMIC_NO_PIC = NO;
				GCC_NO_COMMON_BLOCKS = YES;
				GCC_OPTIMIZATION_LEVEL = 0;
				GCC_PREPROCESSOR_DEFINITIONS = (
					"DEBUG=1",
					"$(inherited)",
				);
				GCC_WARN_64_TO_32_BIT_CONVERSION = YES;
				GCC_WARN_ABOUT_RETURN_TYPE = YES_ERROR;
				GCC_WARN_UNDECLARED_SELECTOR = YES;
				GCC_WARN_UNINITIALIZED_AUTOS = YES_AGGRESSIVE;
				GCC_WARN_UNUSED_FUNCTION = YES;
				GCC_WARN_UNUSED_VARIABLE = YES;
				IPHONEOS_DEPLOYMENT_TARGET = 12.4;
				MTL_ENABLE_DEBUG_INFO = INCLUDE_SOURCE;
				MTL_FAST_MATH = YES;
				ONLY_ACTIVE_ARCH = YES;
				SDKROOT = iphoneos;
				SWIFT_ACTIVE_COMPILATION_CONDITIONS = DEBUG;
				SWIFT_OPTIMIZATION_LEVEL = "-Onone";
			};
			name = Debug;
		};
		1DAC1212232D2E6400F109E1 /* Release */ = {
			isa = XCBuildConfiguration;
			buildSettings = {
				ALWAYS_SEARCH_USER_PATHS = NO;
				CLANG_ANALYZER_NONNULL = YES;
				CLANG_ANALYZER_NUMBER_OBJECT_CONVERSION = YES_AGGRESSIVE;
				CLANG_CXX_LANGUAGE_STANDARD = "gnu++14";
				CLANG_CXX_LIBRARY = "libc++";
				CLANG_ENABLE_MODULES = YES;
				CLANG_ENABLE_OBJC_ARC = YES;
				CLANG_ENABLE_OBJC_WEAK = YES;
				CLANG_WARN_BLOCK_CAPTURE_AUTORELEASING = YES;
				CLANG_WARN_BOOL_CONVERSION = YES;
				CLANG_WARN_COMMA = YES;
				CLANG_WARN_CONSTANT_CONVERSION = YES;
				CLANG_WARN_DEPRECATED_OBJC_IMPLEMENTATIONS = YES;
				CLANG_WARN_DIRECT_OBJC_ISA_USAGE = YES_ERROR;
				CLANG_WARN_DOCUMENTATION_COMMENTS = YES;
				CLANG_WARN_EMPTY_BODY = YES;
				CLANG_WARN_ENUM_CONVERSION = YES;
				CLANG_WARN_INFINITE_RECURSION = YES;
				CLANG_WARN_INT_CONVERSION = YES;
				CLANG_WARN_NON_LITERAL_NULL_CONVERSION = YES;
				CLANG_WARN_OBJC_IMPLICIT_RETAIN_SELF = YES;
				CLANG_WARN_OBJC_LITERAL_CONVERSION = YES;
				CLANG_WARN_OBJC_ROOT_CLASS = YES_ERROR;
				CLANG_WARN_RANGE_LOOP_ANALYSIS = YES;
				CLANG_WARN_STRICT_PROTOTYPES = YES;
				CLANG_WARN_SUSPICIOUS_MOVE = YES;
				CLANG_WARN_UNGUARDED_AVAILABILITY = YES_AGGRESSIVE;
				CLANG_WARN_UNREACHABLE_CODE = YES;
				CLANG_WARN__DUPLICATE_METHOD_MATCH = YES;
				CODE_SIGN_IDENTITY = "iPhone Developer";
				COPY_PHASE_STRIP = NO;
				DEBUG_INFORMATION_FORMAT = "dwarf-with-dsym";
				ENABLE_NS_ASSERTIONS = NO;
				ENABLE_STRICT_OBJC_MSGSEND = YES;
				GCC_C_LANGUAGE_STANDARD = gnu11;
				GCC_NO_COMMON_BLOCKS = YES;
				GCC_WARN_64_TO_32_BIT_CONVERSION = YES;
				GCC_WARN_ABOUT_RETURN_TYPE = YES_ERROR;
				GCC_WARN_UNDECLARED_SELECTOR = YES;
				GCC_WARN_UNINITIALIZED_AUTOS = YES_AGGRESSIVE;
				GCC_WARN_UNUSED_FUNCTION = YES;
				GCC_WARN_UNUSED_VARIABLE = YES;
				IPHONEOS_DEPLOYMENT_TARGET = 12.4;
				MTL_ENABLE_DEBUG_INFO = NO;
				MTL_FAST_MATH = YES;
				SDKROOT = iphoneos;
				SWIFT_COMPILATION_MODE = wholemodule;
				SWIFT_OPTIMIZATION_LEVEL = "-O";
				VALIDATE_PRODUCT = YES;
			};
			name = Release;
		};
		1DAC1214232D2E6400F109E1 /* Debug */ = {
			isa = XCBuildConfiguration;
			baseConfigurationReference = D90C16CF8A988ECF05CB429A /* Pods-TopJavaRepositories.debug.xcconfig */;
			buildSettings = {
				ASSETCATALOG_COMPILER_APPICON_NAME = AppIcon;
				CODE_SIGN_STYLE = Automatic;
				DEVELOPMENT_TEAM = 59L34GWFDZ;
				INFOPLIST_FILE = "$(SRCROOT)/TopJavaRepositories/Supporting Files/Info.plist";
				LD_RUNPATH_SEARCH_PATHS = (
					"$(inherited)",
					"@executable_path/Frameworks",
				);
				PRODUCT_BUNDLE_IDENTIFIER = br.com.msc.TopJavaRepositories;
				PRODUCT_NAME = "$(TARGET_NAME)";
				SWIFT_VERSION = 5.0;
				TARGETED_DEVICE_FAMILY = "1,2";
			};
			name = Debug;
		};
		1DAC1215232D2E6400F109E1 /* Release */ = {
			isa = XCBuildConfiguration;
			baseConfigurationReference = C1D96041701AE4610610F11F /* Pods-TopJavaRepositories.release.xcconfig */;
			buildSettings = {
				ASSETCATALOG_COMPILER_APPICON_NAME = AppIcon;
				CODE_SIGN_STYLE = Automatic;
				DEVELOPMENT_TEAM = 59L34GWFDZ;
				INFOPLIST_FILE = "$(SRCROOT)/TopJavaRepositories/Supporting Files/Info.plist";
				LD_RUNPATH_SEARCH_PATHS = (
					"$(inherited)",
					"@executable_path/Frameworks",
				);
				PRODUCT_BUNDLE_IDENTIFIER = br.com.msc.TopJavaRepositories;
				PRODUCT_NAME = "$(TARGET_NAME)";
				SWIFT_VERSION = 5.0;
				TARGETED_DEVICE_FAMILY = "1,2";
			};
			name = Release;
		};
		1DAC1217232D2E6400F109E1 /* Debug */ = {
			isa = XCBuildConfiguration;
			baseConfigurationReference = ABFCB2EFFAA0BCA3516F0F72 /* Pods-TopJavaRepositoriesTests.debug.xcconfig */;
			buildSettings = {
				BUNDLE_LOADER = "$(TEST_HOST)";
				CODE_SIGN_STYLE = Automatic;
				DEVELOPMENT_TEAM = 59L34GWFDZ;
				INFOPLIST_FILE = TopJavaRepositoriesTests/Info.plist;
				LD_RUNPATH_SEARCH_PATHS = (
					"$(inherited)",
					"@executable_path/Frameworks",
					"@loader_path/Frameworks",
				);
				PRODUCT_BUNDLE_IDENTIFIER = br.com.msc.TopJavaRepositoriesTests;
				PRODUCT_NAME = "$(TARGET_NAME)";
				SWIFT_VERSION = 5.0;
				TARGETED_DEVICE_FAMILY = "1,2";
				TEST_HOST = "$(BUILT_PRODUCTS_DIR)/TopJavaRepositories.app/TopJavaRepositories";
			};
			name = Debug;
		};
		1DAC1218232D2E6400F109E1 /* Release */ = {
			isa = XCBuildConfiguration;
			baseConfigurationReference = 363B62861D91B834E441ABC2 /* Pods-TopJavaRepositoriesTests.release.xcconfig */;
			buildSettings = {
				BUNDLE_LOADER = "$(TEST_HOST)";
				CODE_SIGN_STYLE = Automatic;
				DEVELOPMENT_TEAM = 59L34GWFDZ;
				INFOPLIST_FILE = TopJavaRepositoriesTests/Info.plist;
				LD_RUNPATH_SEARCH_PATHS = (
					"$(inherited)",
					"@executable_path/Frameworks",
					"@loader_path/Frameworks",
				);
				PRODUCT_BUNDLE_IDENTIFIER = br.com.msc.TopJavaRepositoriesTests;
				PRODUCT_NAME = "$(TARGET_NAME)";
				SWIFT_VERSION = 5.0;
				TARGETED_DEVICE_FAMILY = "1,2";
				TEST_HOST = "$(BUILT_PRODUCTS_DIR)/TopJavaRepositories.app/TopJavaRepositories";
			};
			name = Release;
		};
/* End XCBuildConfiguration section */

/* Begin XCConfigurationList section */
		1DAC11EE232D2E6300F109E1 /* Build configuration list for PBXProject "TopJavaRepositories" */ = {
			isa = XCConfigurationList;
			buildConfigurations = (
				1DAC1211232D2E6400F109E1 /* Debug */,
				1DAC1212232D2E6400F109E1 /* Release */,
			);
			defaultConfigurationIsVisible = 0;
			defaultConfigurationName = Release;
		};
		1DAC1213232D2E6400F109E1 /* Build configuration list for PBXNativeTarget "TopJavaRepositories" */ = {
			isa = XCConfigurationList;
			buildConfigurations = (
				1DAC1214232D2E6400F109E1 /* Debug */,
				1DAC1215232D2E6400F109E1 /* Release */,
			);
			defaultConfigurationIsVisible = 0;
			defaultConfigurationName = Release;
		};
		1DAC1216232D2E6400F109E1 /* Build configuration list for PBXNativeTarget "TopJavaRepositoriesTests" */ = {
			isa = XCConfigurationList;
			buildConfigurations = (
				1DAC1217232D2E6400F109E1 /* Debug */,
				1DAC1218232D2E6400F109E1 /* Release */,
			);
			defaultConfigurationIsVisible = 0;
			defaultConfigurationName = Release;
		};
/* End XCConfigurationList section */
	};
	rootObject = 1DAC11EB232D2E6300F109E1 /* Project object */;
}
